// !$*UTF8*$!
{
	archiveVersion = 1;
	classes = {
	};
	objectVersion = 77;
	objects = {

/* Begin PBXContainerItemProxy section */
		BC03FF212CDE7CB1001F80D1 /* PBXContainerItemProxy */ = {
			isa = PBXContainerItemProxy;
			containerPortal = BC03FF082CDE7CAC001F80D1 /* Project object */;
			proxyType = 1;
			remoteGlobalIDString = BC03FF0F2CDE7CAC001F80D1;
			remoteInfo = UniConversion;
		};
		BC03FF2B2CDE7CB1001F80D1 /* PBXContainerItemProxy */ = {
			isa = PBXContainerItemProxy;
			containerPortal = BC03FF082CDE7CAC001F80D1 /* Project object */;
			proxyType = 1;
			remoteGlobalIDString = BC03FF0F2CDE7CAC001F80D1;
			remoteInfo = UniConversion;
		};
/* End PBXContainerItemProxy section */

/* Begin PBXFileReference section */
		BC03FF102CDE7CAC001F80D1 /* UniConversion.app */ = {isa = PBXFileReference; explicitFileType = wrapper.application; includeInIndex = 0; path = UniConversion.app; sourceTree = BUILT_PRODUCTS_DIR; };
		BC03FF202CDE7CB1001F80D1 /* UniConversionTests.xctest */ = {isa = PBXFileReference; explicitFileType = wrapper.cfbundle; includeInIndex = 0; path = UniConversionTests.xctest; sourceTree = BUILT_PRODUCTS_DIR; };
		BC03FF2A2CDE7CB1001F80D1 /* UniConversionUITests.xctest */ = {isa = PBXFileReference; explicitFileType = wrapper.cfbundle; includeInIndex = 0; path = UniConversionUITests.xctest; sourceTree = BUILT_PRODUCTS_DIR; };
/* End PBXFileReference section */

/* Begin PBXFileSystemSynchronizedRootGroup section */
		BC03FF122CDE7CAC001F80D1 /* UniConversion */ = {
			isa = PBXFileSystemSynchronizedRootGroup;
			path = UniConversion;
			sourceTree = "<group>";
		};
		BC03FF232CDE7CB1001F80D1 /* UniConversionTests */ = {
			isa = PBXFileSystemSynchronizedRootGroup;
			path = UniConversionTests;
			sourceTree = "<group>";
		};
		BC03FF2D2CDE7CB1001F80D1 /* UniConversionUITests */ = {
			isa = PBXFileSystemSynchronizedRootGroup;
			path = UniConversionUITests;
			sourceTree = "<group>";
		};
/* End PBXFileSystemSynchronizedRootGroup section */

/* Begin PBXFrameworksBuildPhase section */
		BC03FF0D2CDE7CAC001F80D1 /* Frameworks */ = {
			isa = PBXFrameworksBuildPhase;
			buildActionMask = 2147483647;
			files = (
			);
			runOnlyForDeploymentPostprocessing = 0;
		};
		BC03FF1D2CDE7CB1001F80D1 /* Frameworks */ = {
			isa = PBXFrameworksBuildPhase;
			buildActionMask = 2147483647;
			files = (
			);
			runOnlyForDeploymentPostprocessing = 0;
		};
		BC03FF272CDE7CB1001F80D1 /* Frameworks */ = {
			isa = PBXFrameworksBuildPhase;
			buildActionMask = 2147483647;
			files = (
			);
			runOnlyForDeploymentPostprocessing = 0;
		};
/* End PBXFrameworksBuildPhase section */

/* Begin PBXGroup section */
		BC03FF072CDE7CAC001F80D1 = {
			isa = PBXGroup;
			children = (
				BC03FF122CDE7CAC001F80D1 /* UniConversion */,
				BC03FF232CDE7CB1001F80D1 /* UniConversionTests */,
				BC03FF2D2CDE7CB1001F80D1 /* UniConversionUITests */,
				BC03FF112CDE7CAC001F80D1 /* Products */,
			);
			sourceTree = "<group>";
		};
		BC03FF112CDE7CAC001F80D1 /* Products */ = {
			isa = PBXGroup;
			children = (
				BC03FF102CDE7CAC001F80D1 /* UniConversion.app */,
				BC03FF202CDE7CB1001F80D1 /* UniConversionTests.xctest */,
				BC03FF2A2CDE7CB1001F80D1 /* UniConversionUITests.xctest */,
			);
			name = Products;
			sourceTree = "<group>";
		};
/* End PBXGroup section */

/* Begin PBXNativeTarget section */
		BC03FF0F2CDE7CAC001F80D1 /* UniConversion */ = {
			isa = PBXNativeTarget;
			buildConfigurationList = BC03FF342CDE7CB1001F80D1 /* Build configuration list for PBXNativeTarget "UniConversion" */;
			buildPhases = (
				BC03FF0C2CDE7CAC001F80D1 /* Sources */,
				BC03FF0D2CDE7CAC001F80D1 /* Frameworks */,
				BC03FF0E2CDE7CAC001F80D1 /* Resources */,
			);
			buildRules = (
			);
			dependencies = (
			);
			fileSystemSynchronizedGroups = (
				BC03FF122CDE7CAC001F80D1 /* UniConversion */,
			);
			name = UniConversion;
			packageProductDependencies = (
			);
			productName = UniConversion;
			productReference = BC03FF102CDE7CAC001F80D1 /* UniConversion.app */;
			productType = "com.apple.product-type.application";
		};
		BC03FF1F2CDE7CB1001F80D1 /* UniConversionTests */ = {
			isa = PBXNativeTarget;
			buildConfigurationList = BC03FF372CDE7CB1001F80D1 /* Build configuration list for PBXNativeTarget "UniConversionTests" */;
			buildPhases = (
				BC03FF1C2CDE7CB1001F80D1 /* Sources */,
				BC03FF1D2CDE7CB1001F80D1 /* Frameworks */,
				BC03FF1E2CDE7CB1001F80D1 /* Resources */,
			);
			buildRules = (
			);
			dependencies = (
				BC03FF222CDE7CB1001F80D1 /* PBXTargetDependency */,
			);
			fileSystemSynchronizedGroups = (
				BC03FF232CDE7CB1001F80D1 /* UniConversionTests */,
			);
			name = UniConversionTests;
			packageProductDependencies = (
			);
			productName = UniConversionTests;
			productReference = BC03FF202CDE7CB1001F80D1 /* UniConversionTests.xctest */;
			productType = "com.apple.product-type.bundle.unit-test";
		};
		BC03FF292CDE7CB1001F80D1 /* UniConversionUITests */ = {
			isa = PBXNativeTarget;
			buildConfigurationList = BC03FF3A2CDE7CB1001F80D1 /* Build configuration list for PBXNativeTarget "UniConversionUITests" */;
			buildPhases = (
				BC03FF262CDE7CB1001F80D1 /* Sources */,
				BC03FF272CDE7CB1001F80D1 /* Frameworks */,
				BC03FF282CDE7CB1001F80D1 /* Resources */,
			);
			buildRules = (
			);
			dependencies = (
				BC03FF2C2CDE7CB1001F80D1 /* PBXTargetDependency */,
			);
			fileSystemSynchronizedGroups = (
				BC03FF2D2CDE7CB1001F80D1 /* UniConversionUITests */,
			);
			name = UniConversionUITests;
			packageProductDependencies = (
			);
			productName = UniConversionUITests;
			productReference = BC03FF2A2CDE7CB1001F80D1 /* UniConversionUITests.xctest */;
			productType = "com.apple.product-type.bundle.ui-testing";
		};
/* End PBXNativeTarget section */

/* Begin PBXProject section */
		BC03FF082CDE7CAC001F80D1 /* Project object */ = {
			isa = PBXProject;
			attributes = {
				BuildIndependentTargetsInParallel = 1;
				LastSwiftUpdateCheck = 1600;
				LastUpgradeCheck = 1600;
				TargetAttributes = {
					BC03FF0F2CDE7CAC001F80D1 = {
						CreatedOnToolsVersion = 16.0;
					};
					BC03FF1F2CDE7CB1001F80D1 = {
						CreatedOnToolsVersion = 16.0;
						TestTargetID = BC03FF0F2CDE7CAC001F80D1;
					};
					BC03FF292CDE7CB1001F80D1 = {
						CreatedOnToolsVersion = 16.0;
						TestTargetID = BC03FF0F2CDE7CAC001F80D1;
					};
				};
			};
			buildConfigurationList = BC03FF0B2CDE7CAC001F80D1 /* Build configuration list for PBXProject "UniConversion" */;
			developmentRegion = en;
			hasScannedForEncodings = 0;
			knownRegions = (
				en,
				Base,
			);
			mainGroup = BC03FF072CDE7CAC001F80D1;
			minimizedProjectReferenceProxies = 1;
			preferredProjectObjectVersion = 77;
			productRefGroup = BC03FF112CDE7CAC001F80D1 /* Products */;
			projectDirPath = "";
			projectRoot = "";
			targets = (
				BC03FF0F2CDE7CAC001F80D1 /* UniConversion */,
				BC03FF1F2CDE7CB1001F80D1 /* UniConversionTests */,
				BC03FF292CDE7CB1001F80D1 /* UniConversionUITests */,
			);
		};
/* End PBXProject section */

/* Begin PBXResourcesBuildPhase section */
		BC03FF0E2CDE7CAC001F80D1 /* Resources */ = {
			isa = PBXResourcesBuildPhase;
			buildActionMask = 2147483647;
			files = (
			);
			runOnlyForDeploymentPostprocessing = 0;
		};
		BC03FF1E2CDE7CB1001F80D1 /* Resources */ = {
			isa = PBXResourcesBuildPhase;
			buildActionMask = 2147483647;
			files = (
			);
			runOnlyForDeploymentPostprocessing = 0;
		};
		BC03FF282CDE7CB1001F80D1 /* Resources */ = {
			isa = PBXResourcesBuildPhase;
			buildActionMask = 2147483647;
			files = (
			);
			runOnlyForDeploymentPostprocessing = 0;
		};
/* End PBXResourcesBuildPhase section */

/* Begin PBXSourcesBuildPhase section */
		BC03FF0C2CDE7CAC001F80D1 /* Sources */ = {
			isa = PBXSourcesBuildPhase;
			buildActionMask = 2147483647;
			files = (
			);
			runOnlyForDeploymentPostprocessing = 0;
		};
		BC03FF1C2CDE7CB1001F80D1 /* Sources */ = {
			isa = PBXSourcesBuildPhase;
			buildActionMask = 2147483647;
			files = (
			);
			runOnlyForDeploymentPostprocessing = 0;
		};
		BC03FF262CDE7CB1001F80D1 /* Sources */ = {
			isa = PBXSourcesBuildPhase;
			buildActionMask = 2147483647;
			files = (
			);
			runOnlyForDeploymentPostprocessing = 0;
		};
/* End PBXSourcesBuildPhase section */

/* Begin PBXTargetDependency section */
		BC03FF222CDE7CB1001F80D1 /* PBXTargetDependency */ = {
			isa = PBXTargetDependency;
			target = BC03FF0F2CDE7CAC001F80D1 /* UniConversion */;
			targetProxy = BC03FF212CDE7CB1001F80D1 /* PBXContainerItemProxy */;
		};
		BC03FF2C2CDE7CB1001F80D1 /* PBXTargetDependency */ = {
			isa = PBXTargetDependency;
			target = BC03FF0F2CDE7CAC001F80D1 /* UniConversion */;
			targetProxy = BC03FF2B2CDE7CB1001F80D1 /* PBXContainerItemProxy */;
		};
/* End PBXTargetDependency section */

/* Begin XCBuildConfiguration section */
		BC03FF322CDE7CB1001F80D1 /* Debug */ = {
			isa = XCBuildConfiguration;
			buildSettings = {
				ALWAYS_SEARCH_USER_PATHS = NO;
				ASSETCATALOG_COMPILER_GENERATE_SWIFT_ASSET_SYMBOL_EXTENSIONS = YES;
				CLANG_ANALYZER_NONNULL = YES;
				CLANG_ANALYZER_NUMBER_OBJECT_CONVERSION = YES_AGGRESSIVE;
				CLANG_CXX_LANGUAGE_STANDARD = "gnu++20";
				CLANG_ENABLE_MODULES = YES;
				CLANG_ENABLE_OBJC_ARC = YES;
				CLANG_ENABLE_OBJC_WEAK = YES;
				CLANG_WARN_BLOCK_CAPTURE_AUTORELEASING = YES;
				CLANG_WARN_BOOL_CONVERSION = YES;
				CLANG_WARN_COMMA = YES;
				CLANG_WARN_CONSTANT_CONVERSION = YES;
				CLANG_WARN_DEPRECATED_OBJC_IMPLEMENTATIONS = YES;
				CLANG_WARN_DIRECT_OBJC_ISA_USAGE = YES_ERROR;
				CLANG_WARN_DOCUMENTATION_COMMENTS = YES;
				CLANG_WARN_EMPTY_BODY = YES;
				CLANG_WARN_ENUM_CONVERSION = YES;
				CLANG_WARN_INFINITE_RECURSION = YES;
				CLANG_WARN_INT_CONVERSION = YES;
				CLANG_WARN_NON_LITERAL_NULL_CONVERSION = YES;
				CLANG_WARN_OBJC_IMPLICIT_RETAIN_SELF = YES;
				CLANG_WARN_OBJC_LITERAL_CONVERSION = YES;
				CLANG_WARN_OBJC_ROOT_CLASS = YES_ERROR;
				CLANG_WARN_QUOTED_INCLUDE_IN_FRAMEWORK_HEADER = YES;
				CLANG_WARN_RANGE_LOOP_ANALYSIS = YES;
				CLANG_WARN_STRICT_PROTOTYPES = YES;
				CLANG_WARN_SUSPICIOUS_MOVE = YES;
				CLANG_WARN_UNGUARDED_AVAILABILITY = YES_AGGRESSIVE;
				CLANG_WARN_UNREACHABLE_CODE = YES;
				CLANG_WARN__DUPLICATE_METHOD_MATCH = YES;
				COPY_PHASE_STRIP = NO;
				DEBUG_INFORMATION_FORMAT = dwarf;
				ENABLE_STRICT_OBJC_MSGSEND = YES;
				ENABLE_TESTABILITY = YES;
				ENABLE_USER_SCRIPT_SANDBOXING = YES;
				GCC_C_LANGUAGE_STANDARD = gnu17;
				GCC_DYNAMIC_NO_PIC = NO;
				GCC_NO_COMMON_BLOCKS = YES;
				GCC_OPTIMIZATION_LEVEL = 0;
				GCC_PREPROCESSOR_DEFINITIONS = (
					"DEBUG=1",
					"$(inherited)",
				);
				GCC_WARN_64_TO_32_BIT_CONVERSION = YES;
				GCC_WARN_ABOUT_RETURN_TYPE = YES_ERROR;
				GCC_WARN_UNDECLARED_SELECTOR = YES;
				GCC_WARN_UNINITIALIZED_AUTOS = YES_AGGRESSIVE;
				GCC_WARN_UNUSED_FUNCTION = YES;
				GCC_WARN_UNUSED_VARIABLE = YES;
				IPHONEOS_DEPLOYMENT_TARGET = 18.0;
				LOCALIZATION_PREFERS_STRING_CATALOGS = YES;
				MTL_ENABLE_DEBUG_INFO = INCLUDE_SOURCE;
				MTL_FAST_MATH = YES;
				ONLY_ACTIVE_ARCH = YES;
				SDKROOT = iphoneos;
				SWIFT_ACTIVE_COMPILATION_CONDITIONS = "DEBUG $(inherited)";
				SWIFT_OPTIMIZATION_LEVEL = "-Onone";
			};
			name = Debug;
		};
		BC03FF332CDE7CB1001F80D1 /* Release */ = {
			isa = XCBuildConfiguration;
			buildSettings = {
				ALWAYS_SEARCH_USER_PATHS = NO;
				ASSETCATALOG_COMPILER_GENERATE_SWIFT_ASSET_SYMBOL_EXTENSIONS = YES;
				CLANG_ANALYZER_NONNULL = YES;
				CLANG_ANALYZER_NUMBER_OBJECT_CONVERSION = YES_AGGRESSIVE;
				CLANG_CXX_LANGUAGE_STANDARD = "gnu++20";
				CLANG_ENABLE_MODULES = YES;
				CLANG_ENABLE_OBJC_ARC = YES;
				CLANG_ENABLE_OBJC_WEAK = YES;
				CLANG_WARN_BLOCK_CAPTURE_AUTORELEASING = YES;
				CLANG_WARN_BOOL_CONVERSION = YES;
				CLANG_WARN_COMMA = YES;
				CLANG_WARN_CONSTANT_CONVERSION = YES;
				CLANG_WARN_DEPRECATED_OBJC_IMPLEMENTATIONS = YES;
				CLANG_WARN_DIRECT_OBJC_ISA_USAGE = YES_ERROR;
				CLANG_WARN_DOCUMENTATION_COMMENTS = YES;
				CLANG_WARN_EMPTY_BODY = YES;
				CLANG_WARN_ENUM_CONVERSION = YES;
				CLANG_WARN_INFINITE_RECURSION = YES;
				CLANG_WARN_INT_CONVERSION = YES;
				CLANG_WARN_NON_LITERAL_NULL_CONVERSION = YES;
				CLANG_WARN_OBJC_IMPLICIT_RETAIN_SELF = YES;
				CLANG_WARN_OBJC_LITERAL_CONVERSION = YES;
				CLANG_WARN_OBJC_ROOT_CLASS = YES_ERROR;
				CLANG_WARN_QUOTED_INCLUDE_IN_FRAMEWORK_HEADER = YES;
				CLANG_WARN_RANGE_LOOP_ANALYSIS = YES;
				CLANG_WARN_STRICT_PROTOTYPES = YES;
				CLANG_WARN_SUSPICIOUS_MOVE = YES;
				CLANG_WARN_UNGUARDED_AVAILABILITY = YES_AGGRESSIVE;
				CLANG_WARN_UNREACHABLE_CODE = YES;
				CLANG_WARN__DUPLICATE_METHOD_MATCH = YES;
				COPY_PHASE_STRIP = NO;
				DEBUG_INFORMATION_FORMAT = "dwarf-with-dsym";
				ENABLE_NS_ASSERTIONS = NO;
				ENABLE_STRICT_OBJC_MSGSEND = YES;
				ENABLE_USER_SCRIPT_SANDBOXING = YES;
				GCC_C_LANGUAGE_STANDARD = gnu17;
				GCC_NO_COMMON_BLOCKS = YES;
				GCC_WARN_64_TO_32_BIT_CONVERSION = YES;
				GCC_WARN_ABOUT_RETURN_TYPE = YES_ERROR;
				GCC_WARN_UNDECLARED_SELECTOR = YES;
				GCC_WARN_UNINITIALIZED_AUTOS = YES_AGGRESSIVE;
				GCC_WARN_UNUSED_FUNCTION = YES;
				GCC_WARN_UNUSED_VARIABLE = YES;
				IPHONEOS_DEPLOYMENT_TARGET = 18.0;
				LOCALIZATION_PREFERS_STRING_CATALOGS = YES;
				MTL_ENABLE_DEBUG_INFO = NO;
				MTL_FAST_MATH = YES;
				SDKROOT = iphoneos;
				SWIFT_COMPILATION_MODE = wholemodule;
				VALIDATE_PRODUCT = YES;
			};
			name = Release;
		};
		BC03FF352CDE7CB1001F80D1 /* Debug */ = {
			isa = XCBuildConfiguration;
			buildSettings = {
				ASSETCATALOG_COMPILER_APPICON_NAME = AppIcon;
				ASSETCATALOG_COMPILER_GLOBAL_ACCENT_COLOR_NAME = AccentColor;
				CODE_SIGN_STYLE = Automatic;
				CURRENT_PROJECT_VERSION = 1;
				DEVELOPMENT_ASSET_PATHS = "\"UniConversion/Preview Content\"";
				ENABLE_PREVIEWS = YES;
				GENERATE_INFOPLIST_FILE = YES;
				INFOPLIST_KEY_UIApplicationSceneManifest_Generation = YES;
				INFOPLIST_KEY_UIApplicationSupportsIndirectInputEvents = YES;
				INFOPLIST_KEY_UILaunchScreen_Generation = YES;
				INFOPLIST_KEY_UISupportedInterfaceOrientations_iPad = "UIInterfaceOrientationPortrait UIInterfaceOrientationPortraitUpsideDown UIInterfaceOrientationLandscapeLeft UIInterfaceOrientationLandscapeRight";
				INFOPLIST_KEY_UISupportedInterfaceOrientations_iPhone = "UIInterfaceOrientationPortrait UIInterfaceOrientationLandscapeLeft UIInterfaceOrientationLandscapeRight";
				LD_RUNPATH_SEARCH_PATHS = (
					"$(inherited)",
					"@executable_path/Frameworks",
				);
				MARKETING_VERSION = 1.0;
				PRODUCT_BUNDLE_IDENTIFIER = dev.lisnic.UniConversion;
				PRODUCT_NAME = "$(TARGET_NAME)";
				SWIFT_EMIT_LOC_STRINGS = YES;
				SWIFT_VERSION = 5.0;
				TARGETED_DEVICE_FAMILY = "1,2";
			};
			name = Debug;
		};
		BC03FF362CDE7CB1001F80D1 /* Release */ = {
			isa = XCBuildConfiguration;
			buildSettings = {
				ASSETCATALOG_COMPILER_APPICON_NAME = AppIcon;
				ASSETCATALOG_COMPILER_GLOBAL_ACCENT_COLOR_NAME = AccentColor;
				CODE_SIGN_STYLE = Automatic;
				CURRENT_PROJECT_VERSION = 1;
				DEVELOPMENT_ASSET_PATHS = "\"UniConversion/Preview Content\"";
				ENABLE_PREVIEWS = YES;
				GENERATE_INFOPLIST_FILE = YES;
				INFOPLIST_KEY_UIApplicationSceneManifest_Generation = YES;
				INFOPLIST_KEY_UIApplicationSupportsIndirectInputEvents = YES;
				INFOPLIST_KEY_UILaunchScreen_Generation = YES;
				INFOPLIST_KEY_UISupportedInterfaceOrientations_iPad = "UIInterfaceOrientationPortrait UIInterfaceOrientationPortraitUpsideDown UIInterfaceOrientationLandscapeLeft UIInterfaceOrientationLandscapeRight";
				INFOPLIST_KEY_UISupportedInterfaceOrientations_iPhone = "UIInterfaceOrientationPortrait UIInterfaceOrientationLandscapeLeft UIInterfaceOrientationLandscapeRight";
				LD_RUNPATH_SEARCH_PATHS = (
					"$(inherited)",
					"@executable_path/Frameworks",
				);
				MARKETING_VERSION = 1.0;
				PRODUCT_BUNDLE_IDENTIFIER = dev.lisnic.UniConversion;
				PRODUCT_NAME = "$(TARGET_NAME)";
				SWIFT_EMIT_LOC_STRINGS = YES;
				SWIFT_VERSION = 5.0;
				TARGETED_DEVICE_FAMILY = "1,2";
			};
			name = Release;
		};
		BC03FF382CDE7CB1001F80D1 /* Debug */ = {
			isa = XCBuildConfiguration;
			buildSettings = {
				BUNDLE_LOADER = "$(TEST_HOST)";
				CODE_SIGN_STYLE = Automatic;
				CURRENT_PROJECT_VERSION = 1;
				GENERATE_INFOPLIST_FILE = YES;
				IPHONEOS_DEPLOYMENT_TARGET = 18.0;
				MARKETING_VERSION = 1.0;
				PRODUCT_BUNDLE_IDENTIFIER = dev.lisnic.UniConversionTests;
				PRODUCT_NAME = "$(TARGET_NAME)";
				SWIFT_EMIT_LOC_STRINGS = NO;
				SWIFT_VERSION = 5.0;
				TARGETED_DEVICE_FAMILY = "1,2";
				TEST_HOST = "$(BUILT_PRODUCTS_DIR)/UniConversion.app/$(BUNDLE_EXECUTABLE_FOLDER_PATH)/UniConversion";
			};
			name = Debug;
		};
		BC03FF392CDE7CB1001F80D1 /* Release */ = {
			isa = XCBuildConfiguration;
			buildSettings = {
				BUNDLE_LOADER = "$(TEST_HOST)";
				CODE_SIGN_STYLE = Automatic;
				CURRENT_PROJECT_VERSION = 1;
				GENERATE_INFOPLIST_FILE = YES;
				IPHONEOS_DEPLOYMENT_TARGET = 18.0;
				MARKETING_VERSION = 1.0;
				PRODUCT_BUNDLE_IDENTIFIER = dev.lisnic.UniConversionTests;
				PRODUCT_NAME = "$(TARGET_NAME)";
				SWIFT_EMIT_LOC_STRINGS = NO;
				SWIFT_VERSION = 5.0;
				TARGETED_DEVICE_FAMILY = "1,2";
				TEST_HOST = "$(BUILT_PRODUCTS_DIR)/UniConversion.app/$(BUNDLE_EXECUTABLE_FOLDER_PATH)/UniConversion";
			};
			name = Release;
		};
		BC03FF3B2CDE7CB1001F80D1 /* Debug */ = {
			isa = XCBuildConfiguration;
			buildSettings = {
				CODE_SIGN_STYLE = Automatic;
				CURRENT_PROJECT_VERSION = 1;
				GENERATE_INFOPLIST_FILE = YES;
				MARKETING_VERSION = 1.0;
				PRODUCT_BUNDLE_IDENTIFIER = dev.lisnic.UniConversionUITests;
				PRODUCT_NAME = "$(TARGET_NAME)";
				SWIFT_EMIT_LOC_STRINGS = NO;
				SWIFT_VERSION = 5.0;
				TARGETED_DEVICE_FAMILY = "1,2";
				TEST_TARGET_NAME = UniConversion;
			};
			name = Debug;
		};
		BC03FF3C2CDE7CB1001F80D1 /* Release */ = {
			isa = XCBuildConfiguration;
			buildSettings = {
				CODE_SIGN_STYLE = Automatic;
				CURRENT_PROJECT_VERSION = 1;
				GENERATE_INFOPLIST_FILE = YES;
				MARKETING_VERSION = 1.0;
				PRODUCT_BUNDLE_IDENTIFIER = dev.lisnic.UniConversionUITests;
				PRODUCT_NAME = "$(TARGET_NAME)";
				SWIFT_EMIT_LOC_STRINGS = NO;
				SWIFT_VERSION = 5.0;
				TARGETED_DEVICE_FAMILY = "1,2";
				TEST_TARGET_NAME = UniConversion;
			};
			name = Release;
		};
/* End XCBuildConfiguration section */

/* Begin XCConfigurationList section */
		BC03FF0B2CDE7CAC001F80D1 /* Build configuration list for PBXProject "UniConversion" */ = {
			isa = XCConfigurationList;
			buildConfigurations = (
				BC03FF322CDE7CB1001F80D1 /* Debug */,
				BC03FF332CDE7CB1001F80D1 /* Release */,
			);
			defaultConfigurationIsVisible = 0;
			defaultConfigurationName = Release;
		};
		BC03FF342CDE7CB1001F80D1 /* Build configuration list for PBXNativeTarget "UniConversion" */ = {
			isa = XCConfigurationList;
			buildConfigurations = (
				BC03FF352CDE7CB1001F80D1 /* Debug */,
				BC03FF362CDE7CB1001F80D1 /* Release */,
			);
			defaultConfigurationIsVisible = 0;
			defaultConfigurationName = Release;
		};
		BC03FF372CDE7CB1001F80D1 /* Build configuration list for PBXNativeTarget "UniConversionTests" */ = {
			isa = XCConfigurationList;
			buildConfigurations = (
				BC03FF382CDE7CB1001F80D1 /* Debug */,
				BC03FF392CDE7CB1001F80D1 /* Release */,
			);
			defaultConfigurationIsVisible = 0;
			defaultConfigurationName = Release;
		};
		BC03FF3A2CDE7CB1001F80D1 /* Build configuration list for PBXNativeTarget "UniConversionUITests" */ = {
			isa = XCConfigurationList;
			buildConfigurations = (
				BC03FF3B2CDE7CB1001F80D1 /* Debug */,
				BC03FF3C2CDE7CB1001F80D1 /* Release */,
			);
			defaultConfigurationIsVisible = 0;
			defaultConfigurationName = Release;
		};
/* End XCConfigurationList section */
	};
	rootObject = BC03FF082CDE7CAC001F80D1 /* Project object */;
}
